
Microsoft Visual Studio Solution File, Format Version 12.00
# Visual Studio Version 16
VisualStudioVersion = 16.0.31313.79
MinimumVisualStudioVersion = 10.0.40219.1
Project("{9A19103F-16F7-4668-BE54-9A1E7A4F7556}") = "GuessingGame", "GuessingGame.csproj", "{8C957A61-C7AF-44BC-A943-4286141B85D4}"
EndProject
Global
	GlobalSection(SolutionConfigurationPlatforms) = preSolution
		Debug|Any CPU = Debug|Any CPU
		Release|Any CPU = Release|Any CPU
	EndGlobalSection
	GlobalSection(ProjectConfigurationPlatforms) = postSolution
		{8C957A61-C7AF-44BC-A943-4286141B85D4}.Debug|Any CPU.ActiveCfg = Debug|Any CPU
		{8C957A61-C7AF-44BC-A943-4286141B85D4}.Debug|Any CPU.Build.0 = Debug|Any CPU
		{8C957A61-C7AF-44BC-A943-4286141B85D4}.Release|Any CPU.ActiveCfg = Release|Any CPU
		{8C957A61-C7AF-44BC-A943-4286141B85D4}.Release|Any CPU.Build.0 = Release|Any CPU
	EndGlobalSection
	GlobalSection(SolutionProperties) = preSolution
		HideSolutionNode = FALSE
	EndGlobalSection
	GlobalSection(ExtensibilityGlobals) = postSolution
		SolutionGuid = {9F321722-4161-42DD-84C3-2AC9AEC93679}
	EndGlobalSection
EndGlobal
